
Microsoft Visual Studio Solution File, Format Version 12.00
# Visual Studio 15
Project("{FAE04EC0-301F-11D3-BF4B-00C04F79EFBC}") = "PhotonUnityNetworking.Demos", "PhotonUnityNetworking.Demos.csproj", "{6F2DEDD6-85EA-DDB7-ED99-C949039E7EE9}"
EndProject
Project("{FAE04EC0-301F-11D3-BF4B-00C04F79EFBC}") = "PhotonUnityNetworking.Utilities", "PhotonUnityNetworking.Utilities.csproj", "{BD1633F0-ECDF-FFAB-CC24-ECD16DAF4B85}"
EndProject
Project("{FAE04EC0-301F-11D3-BF4B-00C04F79EFBC}") = "PhotonChat", "PhotonChat.csproj", "{B9FF6C8F-5658-9136-99A6-44151EBBD481}"
EndProject
Project("{FAE04EC0-301F-11D3-BF4B-00C04F79EFBC}") = "Assembly-CSharp-firstpass", "Assembly-CSharp-firstpass.csproj", "{FEF2CCD8-FFC2-B140-0FD8-672E4C7B7DBE}"
EndProject
Project("{FAE04EC0-301F-11D3-BF4B-00C04F79EFBC}") = "PhotonUnityNetworking", "PhotonUnityNetworking.csproj", "{5A5A5988-A78B-5E74-F460-16EE129F9A1C}"
EndProject
Project("{FAE04EC0-301F-11D3-BF4B-00C04F79EFBC}") = "Assembly-CSharp", "Assembly-CSharp.csproj", "{B5323C46-31A8-1CA9-6E25-808E246F1262}"
EndProject
Project("{FAE04EC0-301F-11D3-BF4B-00C04F79EFBC}") = "PhotonRealtime", "PhotonRealtime.csproj", "{85469BCA-EC3F-211C-53E7-0F5E3FA6C69E}"
EndProject
Project("{FAE04EC0-301F-11D3-BF4B-00C04F79EFBC}") = "PhotonWebSocket", "PhotonWebSocket.csproj", "{BED00EB2-8939-EDF1-CD8D-84717E48DD7A}"
EndProject
Project("{FAE04EC0-301F-11D3-BF4B-00C04F79EFBC}") = "Assembly-CSharp-Editor-firstpass", "Assembly-CSharp-Editor-firstpass.csproj", "{5F2AD39A-E96A-63A5-5F8E-FB073A118ED8}"
EndProject
Project("{FAE04EC0-301F-11D3-BF4B-00C04F79EFBC}") = "PhotonUnityNetworking.Editor", "PhotonUnityNetworking.Editor.csproj", "{ACF29D8A-A635-955C-68BC-BC59F182AD75}"
EndProject
Project("{FAE04EC0-301F-11D3-BF4B-00C04F79EFBC}") = "PunDemos.DemoHubEditor", "PunDemos.DemoHubEditor.csproj", "{AD2E97DD-E7BD-2DF2-A66A-499362ACBFC2}"
EndProject
Project("{FAE04EC0-301F-11D3-BF4B-00C04F79EFBC}") = "PhotonUnityNetworking.Utilities.PhotonPlayer.Editor", "PhotonUnityNetworking.Utilities.PhotonPlayer.Editor.csproj", "{C5F76D03-E022-E10F-DA03-208C62F958F9}"
EndProject
Project("{FAE04EC0-301F-11D3-BF4B-00C04F79EFBC}") = "PhotonUnityNetworking.Utilities.Culling.Editor", "PhotonUnityNetworking.Utilities.Culling.Editor.csproj", "{78E1040F-054D-769D-DCED-E4A6B86BE757}"
EndProject
Project("{FAE04EC0-301F-11D3-BF4B-00C04F79EFBC}") = "PunDemos.DemoSlotcarEditor", "PunDemos.DemoSlotcarEditor.csproj", "{996098F8-165E-12F6-8B45-BC56A1FBEE52}"
EndProject
Global
	GlobalSection(SolutionConfigurationPlatforms) = preSolution
		Debug|Any CPU = Debug|Any CPU
		Release|Any CPU = Release|Any CPU
	EndGlobalSection
	GlobalSection(ProjectConfigurationPlatforms) = postSolution
		{6F2DEDD6-85EA-DDB7-ED99-C949039E7EE9}.Debug|Any CPU.ActiveCfg = Debug|Any CPU
		{6F2DEDD6-85EA-DDB7-ED99-C949039E7EE9}.Debug|Any CPU.Build.0 = Debug|Any CPU
		{6F2DEDD6-85EA-DDB7-ED99-C949039E7EE9}.Release|Any CPU.ActiveCfg = Release|Any CPU
		{6F2DEDD6-85EA-DDB7-ED99-C949039E7EE9}.Release|Any CPU.Build.0 = Release|Any CPU
		{BD1633F0-ECDF-FFAB-CC24-ECD16DAF4B85}.Debug|Any CPU.ActiveCfg = Debug|Any CPU
		{BD1633F0-ECDF-FFAB-CC24-ECD16DAF4B85}.Debug|Any CPU.Build.0 = Debug|Any CPU
		{BD1633F0-ECDF-FFAB-CC24-ECD16DAF4B85}.Release|Any CPU.ActiveCfg = Release|Any CPU
		{BD1633F0-ECDF-FFAB-CC24-ECD16DAF4B85}.Release|Any CPU.Build.0 = Release|Any CPU
		{B9FF6C8F-5658-9136-99A6-44151EBBD481}.Debug|Any CPU.ActiveCfg = Debug|Any CPU
		{B9FF6C8F-5658-9136-99A6-44151EBBD481}.Debug|Any CPU.Build.0 = Debug|Any CPU
		{B9FF6C8F-5658-9136-99A6-44151EBBD481}.Release|Any CPU.ActiveCfg = Release|Any CPU
		{B9FF6C8F-5658-9136-99A6-44151EBBD481}.Release|Any CPU.Build.0 = Release|Any CPU
		{FEF2CCD8-FFC2-B140-0FD8-672E4C7B7DBE}.Debug|Any CPU.ActiveCfg = Debug|Any CPU
		{FEF2CCD8-FFC2-B140-0FD8-672E4C7B7DBE}.Debug|Any CPU.Build.0 = Debug|Any CPU
		{FEF2CCD8-FFC2-B140-0FD8-672E4C7B7DBE}.Release|Any CPU.ActiveCfg = Release|Any CPU
		{FEF2CCD8-FFC2-B140-0FD8-672E4C7B7DBE}.Release|Any CPU.Build.0 = Release|Any CPU
		{5A5A5988-A78B-5E74-F460-16EE129F9A1C}.Debug|Any CPU.ActiveCfg = Debug|Any CPU
		{5A5A5988-A78B-5E74-F460-16EE129F9A1C}.Debug|Any CPU.Build.0 = Debug|Any CPU
		{5A5A5988-A78B-5E74-F460-16EE129F9A1C}.Release|Any CPU.ActiveCfg = Release|Any CPU
		{5A5A5988-A78B-5E74-F460-16EE129F9A1C}.Release|Any CPU.Build.0 = Release|Any CPU
		{B5323C46-31A8-1CA9-6E25-808E246F1262}.Debug|Any CPU.ActiveCfg = Debug|Any CPU
		{B5323C46-31A8-1CA9-6E25-808E246F1262}.Debug|Any CPU.Build.0 = Debug|Any CPU
		{B5323C46-31A8-1CA9-6E25-808E246F1262}.Release|Any CPU.ActiveCfg = Release|Any CPU
		{B5323C46-31A8-1CA9-6E25-808E246F1262}.Release|Any CPU.Build.0 = Release|Any CPU
		{85469BCA-EC3F-211C-53E7-0F5E3FA6C69E}.Debug|Any CPU.ActiveCfg = Debug|Any CPU
		{85469BCA-EC3F-211C-53E7-0F5E3FA6C69E}.Debug|Any CPU.Build.0 = Debug|Any CPU
		{85469BCA-EC3F-211C-53E7-0F5E3FA6C69E}.Release|Any CPU.ActiveCfg = Release|Any CPU
		{85469BCA-EC3F-211C-53E7-0F5E3FA6C69E}.Release|Any CPU.Build.0 = Release|Any CPU
		{BED00EB2-8939-EDF1-CD8D-84717E48DD7A}.Debug|Any CPU.ActiveCfg = Debug|Any CPU
		{BED00EB2-8939-EDF1-CD8D-84717E48DD7A}.Debug|Any CPU.Build.0 = Debug|Any CPU
		{BED00EB2-8939-EDF1-CD8D-84717E48DD7A}.Release|Any CPU.ActiveCfg = Release|Any CPU
		{BED00EB2-8939-EDF1-CD8D-84717E48DD7A}.Release|Any CPU.Build.0 = Release|Any CPU
		{5F2AD39A-E96A-63A5-5F8E-FB073A118ED8}.Debug|Any CPU.ActiveCfg = Debug|Any CPU
		{5F2AD39A-E96A-63A5-5F8E-FB073A118ED8}.Debug|Any CPU.Build.0 = Debug|Any CPU
		{5F2AD39A-E96A-63A5-5F8E-FB073A118ED8}.Release|Any CPU.ActiveCfg = Release|Any CPU
		{5F2AD39A-E96A-63A5-5F8E-FB073A118ED8}.Release|Any CPU.Build.0 = Release|Any CPU
		{ACF29D8A-A635-955C-68BC-BC59F182AD75}.Debug|Any CPU.ActiveCfg = Debug|Any CPU
		{ACF29D8A-A635-955C-68BC-BC59F182AD75}.Debug|Any CPU.Build.0 = Debug|Any CPU
		{ACF29D8A-A635-955C-68BC-BC59F182AD75}.Release|Any CPU.ActiveCfg = Release|Any CPU
		{ACF29D8A-A635-955C-68BC-BC59F182AD75}.Release|Any CPU.Build.0 = Release|Any CPU
		{AD2E97DD-E7BD-2DF2-A66A-499362ACBFC2}.Debug|Any CPU.ActiveCfg = Debug|Any CPU
		{AD2E97DD-E7BD-2DF2-A66A-499362ACBFC2}.Debug|Any CPU.Build.0 = Debug|Any CPU
		{AD2E97DD-E7BD-2DF2-A66A-499362ACBFC2}.Release|Any CPU.ActiveCfg = Release|Any CPU
		{AD2E97DD-E7BD-2DF2-A66A-499362ACBFC2}.Release|Any CPU.Build.0 = Release|Any CPU
		{C5F76D03-E022-E10F-DA03-208C62F958F9}.Debug|Any CPU.ActiveCfg = Debug|Any CPU
		{C5F76D03-E022-E10F-DA03-208C62F958F9}.Debug|Any CPU.Build.0 = Debug|Any CPU
		{C5F76D03-E022-E10F-DA03-208C62F958F9}.Release|Any CPU.ActiveCfg = Release|Any CPU
		{C5F76D03-E022-E10F-DA03-208C62F958F9}.Release|Any CPU.Build.0 = Release|Any CPU
		{78E1040F-054D-769D-DCED-E4A6B86BE757}.Debug|Any CPU.ActiveCfg = Debug|Any CPU
		{78E1040F-054D-769D-DCED-E4A6B86BE757}.Debug|Any CPU.Build.0 = Debug|Any CPU
		{78E1040F-054D-769D-DCED-E4A6B86BE757}.Release|Any CPU.ActiveCfg = Release|Any CPU
		{78E1040F-054D-769D-DCED-E4A6B86BE757}.Release|Any CPU.Build.0 = Release|Any CPU
		{996098F8-165E-12F6-8B45-BC56A1FBEE52}.Debug|Any CPU.ActiveCfg = Debug|Any CPU
		{996098F8-165E-12F6-8B45-BC56A1FBEE52}.Debug|Any CPU.Build.0 = Debug|Any CPU
		{996098F8-165E-12F6-8B45-BC56A1FBEE52}.Release|Any CPU.ActiveCfg = Release|Any CPU
		{996098F8-165E-12F6-8B45-BC56A1FBEE52}.Release|Any CPU.Build.0 = Release|Any CPU
	EndGlobalSection
	GlobalSection(SolutionProperties) = preSolution
		HideSolutionNode = FALSE
	EndGlobalSection
EndGlobal
